<?xml version="1.0" encoding="utf-8"?>
<Project ToolsVersion="4.0" xmlns="http://schemas.microsoft.com/developer/msbuild/2003">
  <ItemGroup>
    <ClCompile Include="..\Src\main.cpp" />
    <ClCompile Include="..\Src\Window.cpp" />
  </ItemGroup>
  <ItemGroup>
    <ClInclude Include="..\Src\Point.h" />
    <ClInclude Include="..\Src\Window.h" />
  </ItemGroup>
  <ItemGroup>
    <None Include="VertexShaderCode.glsl" />
    <None Include="FragmentShaderCode.glsl" />
  </ItemGroup>
</Project>